schema: '2.0'
stages:
  clean_data:
    cmd: python src/clean_data.py
    deps:
    - path: data/raw/Datos_2024_205.xlsx
      hash: md5
      md5: 18b351c5f9ebea0641a831e44d083113
      size: 320641
    - path: src/clean_data.py
      hash: md5
      md5: 46aaad37bc83d9121185818f319bd7dd
      size: 818
    outs:
    - path: data/clean/chagas_clean.csv
      hash: md5
      md5: 5077954dcc0718308aaf960e62f032b2
      size: 84959
  prepare_data:
    cmd: python src/prepare_data.py
    deps:
    - path: data/clean/chagas_clean.csv
      hash: md5
      md5: 5077954dcc0718308aaf960e62f032b2
      size: 84959
    - path: src/prepare_data.py
      hash: md5
      md5: 16bbc9c8a2845d8c77303c5ebefd38cb
      size: 589
    outs:
    - path: data/clean/chagas_prepared.csv
      hash: md5
      md5: 46f4646c8bfae64c0d360ed2a734adf5
      size: 18090
  calibrate_seir:
    cmd: python src/calibrate_seir.py
    deps:
    - path: data/clean/chagas_clean.csv
      hash: md5
      md5: 5077954dcc0718308aaf960e62f032b2
      size: 84959
    - path: data/clean/chagas_prepared.csv
      hash: md5
      md5: 46f4646c8bfae64c0d360ed2a734adf5
      size: 18090
    - path: src/calibrate_seir.py
      hash: md5
      md5: 3490777e86d73625557201e3fbb9493a
      size: 1710
    outs:
    - path: models/seir_params.json
      hash: md5
      md5: 418dd50d00dd51a99940d8249c06ff71
      size: 223
  simulate_seir:
    cmd: python src/simulate_seir.py
    deps:
    - path: models/seir_params.json
      hash: md5
      md5: 418dd50d00dd51a99940d8249c06ff71
      size: 223
    - path: src/simulate_seir.py
      hash: md5
      md5: e7688e8f479e8ebc039621a4855bc5b8
      size: 1667
    outs:
    - path: reports/seir_simulation.csv
      hash: md5
      md5: a08d027a311f5d83851b47362355fa20
      size: 36942
  compute_lyapunov:
    cmd: python src/compute_lyapunov.py
    deps:
    - path: data/clean/chagas_prepared.csv
      hash: md5
      md5: 46f4646c8bfae64c0d360ed2a734adf5
      size: 18090
    - path: models/seir_params.json
      hash: md5
      md5: 418dd50d00dd51a99940d8249c06ff71
      size: 223
    - path: src/compute_lyapunov.py
      hash: md5
      md5: 9ea75835dd1fdffaa3a018feb83a2d19
      size: 6182
    outs:
    - path: models/lyapunov_valledupar.json
      hash: md5
      md5: 08c751080cb3a541f0926a6dbd60f7f5
      size: 197
