schema: '2.0'
stages:
  clean_data:
    cmd: python src/clean_data.py
    deps:
    - path: data/raw/Datos_2024_205.xlsx
      hash: md5
      md5: 18b351c5f9ebea0641a831e44d083113
      size: 320641
    - path: src/clean_data.py
      hash: md5
      md5: 46aaad37bc83d9121185818f319bd7dd
      size: 818
    outs:
    - path: data/clean/chagas_clean.csv
      hash: md5
      md5: 5077954dcc0718308aaf960e62f032b2
      size: 84959
  prepare_data:
    cmd: python src/prepare_data.py
    deps:
    - path: data/clean/chagas_clean.csv
      hash: md5
      md5: 5077954dcc0718308aaf960e62f032b2
      size: 84959
    - path: src/prepare_data.py
      hash: md5
      md5: b374470593050907b7a670e719975bba
      size: 2400
    outs:
    - path: data/clean/chagas_prepared.csv
      hash: md5
      md5: 14b2c122f522f6a03307576cc28d967b
      size: 25015
  calibrate_seir:
    cmd: python src/calibrate_seir.py
    deps:
    - path: data/clean/chagas_prepared.csv
      hash: md5
      md5: 14b2c122f522f6a03307576cc28d967b
      size: 25015
    - path: src/calibrate_seir.py
      hash: md5
      md5: 5a2aceb52a120b94d650afc652a6607c
      size: 5340
    outs:
    - path: models/seir_params.json
      hash: md5
      md5: 2d3e6a3eddde52bfd87511c275557c6c
      size: 138
    - path: reports/seir_simulation.csv
      hash: md5
      md5: 1d6c33a5b562c3c6a197b0c726ef3a9a
      size: 1954
  simulate_seir:
    cmd: python src/simulate_seir.py
    deps:
    - path: models/seir_params.json
      hash: md5
      md5: 418dd50d00dd51a99940d8249c06ff71
      size: 223
    - path: src/simulate_seir.py
      hash: md5
      md5: e7688e8f479e8ebc039621a4855bc5b8
      size: 1667
    outs:
    - path: reports/seir_simulation.csv
      hash: md5
      md5: a08d027a311f5d83851b47362355fa20
      size: 36942
  compute_lyapunov:
    cmd: python src/compute_lyapunov.py
    deps:
    - path: data/clean/chagas_prepared.csv
      hash: md5
      md5: 14b2c122f522f6a03307576cc28d967b
      size: 25015
    - path: models/seir_params.json
      hash: md5
      md5: 2d3e6a3eddde52bfd87511c275557c6c
      size: 138
    - path: src/compute_lyapunov.py
      hash: md5
      md5: 9ea75835dd1fdffaa3a018feb83a2d19
      size: 6182
    outs:
    - path: models/lyapunov_valledupar.json
      hash: md5
      md5: 9a6e6d6d34a86aa4307e93921afbd054
      size: 169
